
Microsoft Visual Studio Solution File, Format Version 12.00
Project("{FAE04EC0-301F-11D3-BF4B-00C04F79EFBC}") = "Countdown_timer", "Countdown_timer\Countdown_timer.csproj", "{4AD8E25B-D95C-4F89-933D-2BCC56E8EC5A}"
EndProject
Global
	GlobalSection(SolutionConfigurationPlatforms) = preSolution
		Debug|Any CPU = Debug|Any CPU
		Release|Any CPU = Release|Any CPU
	EndGlobalSection
	GlobalSection(ProjectConfigurationPlatforms) = postSolution
		{4AD8E25B-D95C-4F89-933D-2BCC56E8EC5A}.Debug|Any CPU.ActiveCfg = Debug|Any CPU
		{4AD8E25B-D95C-4F89-933D-2BCC56E8EC5A}.Debug|Any CPU.Build.0 = Debug|Any CPU
		{4AD8E25B-D95C-4F89-933D-2BCC56E8EC5A}.Release|Any CPU.ActiveCfg = Release|Any CPU
		{4AD8E25B-D95C-4F89-933D-2BCC56E8EC5A}.Release|Any CPU.Build.0 = Release|Any CPU
	EndGlobalSection
EndGlobal
